{
  "object": {
    "pins": [
      {
        "package": "EMTNeumorphicView",
        "repositoryURL": "https://github.com/hirokimu/EMTNeumorphicView",
        "state": {
          "branch": null,
          "revision": "3b82e3f19679e3817097281b87d8e971bc7a4f58",
          "version": "1.0.4"
        }
      },
      {
        "package": "SwiftyStoreKit",
        "repositoryURL": "https://github.com/bizz84/SwiftyStoreKit.git",
        "state": {
          "branch": null,
          "revision": "3b54c8eac2840b0cdd576634e83d9ebeb70f847c",
          "version": "0.16.3"
        }
      }
    ]
  },
  "version": 1
}
