// !$*UTF8*$!
{
	archiveVersion = 1;
	classes = {
	};
	objectVersion = 52;
	objects = {

/* Begin PBXBuildFile section */
		D507ACB725A405900064861D /* IconTableViewController.swift in Sources */ = {isa = PBXBuildFile; fileRef = D507ACB625A405900064861D /* IconTableViewController.swift */; };
		D507ACBA25A405A10064861D /* Icon.swift in Sources */ = {isa = PBXBuildFile; fileRef = D507ACB925A405A10064861D /* Icon.swift */; };
		D507ACC325A407A00064861D /* defaultIcon.png in Resources */ = {isa = PBXBuildFile; fileRef = D507ACBE25A4079F0064861D /* defaultIcon.png */; };
		D507ACCE25A412F60064861D /* altIcon3.png in Resources */ = {isa = PBXBuildFile; fileRef = D507ACCA25A412F60064861D /* altIcon3.png */; };
		D507ACCF25A412F60064861D /* altIcon4.png in Resources */ = {isa = PBXBuildFile; fileRef = D507ACCB25A412F60064861D /* altIcon4.png */; };
		D507ACD025A412F60064861D /* altIcon2.png in Resources */ = {isa = PBXBuildFile; fileRef = D507ACCC25A412F60064861D /* altIcon2.png */; };
		D507ACD125A412F60064861D /* altIcon1.png in Resources */ = {isa = PBXBuildFile; fileRef = D507ACCD25A412F60064861D /* altIcon1.png */; };
		D5285ABA2491832C006FB60A /* AppDelegate.swift in Sources */ = {isa = PBXBuildFile; fileRef = D5285AB92491832C006FB60A /* AppDelegate.swift */; };
		D5285ABC2491832C006FB60A /* SceneDelegate.swift in Sources */ = {isa = PBXBuildFile; fileRef = D5285ABB2491832C006FB60A /* SceneDelegate.swift */; };
		D5285AC12491832C006FB60A /* Main.storyboard in Resources */ = {isa = PBXBuildFile; fileRef = D5285ABF2491832C006FB60A /* Main.storyboard */; };
		D5285AC32491832D006FB60A /* Assets.xcassets in Resources */ = {isa = PBXBuildFile; fileRef = D5285AC22491832D006FB60A /* Assets.xcassets */; };
		D5285AC62491832E006FB60A /* LaunchScreen.storyboard in Resources */ = {isa = PBXBuildFile; fileRef = D5285AC42491832E006FB60A /* LaunchScreen.storyboard */; };
		D5285ACE24918352006FB60A /* Haptic.swift in Sources */ = {isa = PBXBuildFile; fileRef = D5285ACD24918352006FB60A /* Haptic.swift */; };
		D5285AD4249334C2006FB60A /* PlayViewController.swift in Sources */ = {isa = PBXBuildFile; fileRef = D5285AD3249334C2006FB60A /* PlayViewController.swift */; };
		D5285AD824933511006FB60A /* InfoSheetViewController.swift in Sources */ = {isa = PBXBuildFile; fileRef = D5285AD724933511006FB60A /* InfoSheetViewController.swift */; };
		D538E1C625572D3600DC90F6 /* UIApplicationExtension.swift in Sources */ = {isa = PBXBuildFile; fileRef = D538E1C525572D3600DC90F6 /* UIApplicationExtension.swift */; };
		D54A37D424BD62A20046FECB /* EMTNeumorphicView in Frameworks */ = {isa = PBXBuildFile; productRef = D54A37D324BD62A20046FECB /* EMTNeumorphicView */; };
		D5B6BE7D2494103400D02B74 /* UIButtonExtension.swift in Sources */ = {isa = PBXBuildFile; fileRef = D5B6BE7C2494103400D02B74 /* UIButtonExtension.swift */; };
		D5B6BE812494410C00D02B74 /* HapticController.swift in Sources */ = {isa = PBXBuildFile; fileRef = D5B6BE802494410C00D02B74 /* HapticController.swift */; };
		D5B6BE85249506CB00D02B74 /* MenuTableViewController.swift in Sources */ = {isa = PBXBuildFile; fileRef = D5B6BE84249506CB00D02B74 /* MenuTableViewController.swift */; };
		D5E4E36325AD46B300CB5FE3 /* AboutTableViewController.swift in Sources */ = {isa = PBXBuildFile; fileRef = D5E4E36225AD46B300CB5FE3 /* AboutTableViewController.swift */; };
		D5E4E36825AE37DE00CB5FE3 /* UIDeviceExtension.swift in Sources */ = {isa = PBXBuildFile; fileRef = D5E4E36725AE37DE00CB5FE3 /* UIDeviceExtension.swift */; };
		FC68FA76261A2C0E005F4CFB /* Assets.xcassets in Resources */ = {isa = PBXBuildFile; fileRef = FC68FA75261A2C0E005F4CFB /* Assets.xcassets */; };
		FC68FA7D261A2C0F005F4CFB /* Haptic Haven Watch Extension.appex in Embed App Extensions */ = {isa = PBXBuildFile; fileRef = FC68FA7C261A2C0F005F4CFB /* Haptic Haven Watch Extension.appex */; settings = {ATTRIBUTES = (RemoveHeadersOnCopy, ); }; };
		FC68FA82261A2C0F005F4CFB /* Haptic_HavenApp.swift in Sources */ = {isa = PBXBuildFile; fileRef = FC68FA81261A2C0F005F4CFB /* Haptic_HavenApp.swift */; };
		FC68FA84261A2C0F005F4CFB /* ContentView.swift in Sources */ = {isa = PBXBuildFile; fileRef = FC68FA83261A2C0F005F4CFB /* ContentView.swift */; };
		FC68FA86261A2C0F005F4CFB /* NotificationController.swift in Sources */ = {isa = PBXBuildFile; fileRef = FC68FA85261A2C0F005F4CFB /* NotificationController.swift */; };
		FC68FA88261A2C0F005F4CFB /* NotificationView.swift in Sources */ = {isa = PBXBuildFile; fileRef = FC68FA87261A2C0F005F4CFB /* NotificationView.swift */; };
		FC68FA8A261A2C0F005F4CFB /* ComplicationController.swift in Sources */ = {isa = PBXBuildFile; fileRef = FC68FA89261A2C0F005F4CFB /* ComplicationController.swift */; };
		FC68FA8C261A2C0F005F4CFB /* Assets.xcassets in Resources */ = {isa = PBXBuildFile; fileRef = FC68FA8B261A2C0F005F4CFB /* Assets.xcassets */; };
		FC68FA8F261A2C0F005F4CFB /* Preview Assets.xcassets in Resources */ = {isa = PBXBuildFile; fileRef = FC68FA8E261A2C0F005F4CFB /* Preview Assets.xcassets */; };
		FC68FA94261A2C0F005F4CFB /* Haptic Haven Watch.app in Embed Watch Content */ = {isa = PBXBuildFile; fileRef = FC68FA73261A2C0C005F4CFB /* Haptic Haven Watch.app */; settings = {ATTRIBUTES = (RemoveHeadersOnCopy, ); }; };
		FC68FAB0261A2E66005F4CFB /* Haptic.swift in Sources */ = {isa = PBXBuildFile; fileRef = FC68FAAF261A2E66005F4CFB /* Haptic.swift */; };
		FC68FAB8261A2E93005F4CFB /* HapticController.swift in Sources */ = {isa = PBXBuildFile; fileRef = FC68FAB7261A2E93005F4CFB /* HapticController.swift */; };
/* End PBXBuildFile section */

/* Begin PBXContainerItemProxy section */
		FC68FA7E261A2C0F005F4CFB /* PBXContainerItemProxy */ = {
			isa = PBXContainerItemProxy;
			containerPortal = D5285AAE2491832C006FB60A /* Project object */;
			proxyType = 1;
			remoteGlobalIDString = FC68FA7B261A2C0F005F4CFB;
			remoteInfo = "Haptic Haven Watch Extension";
		};
		FC68FA92261A2C0F005F4CFB /* PBXContainerItemProxy */ = {
			isa = PBXContainerItemProxy;
			containerPortal = D5285AAE2491832C006FB60A /* Project object */;
			proxyType = 1;
			remoteGlobalIDString = FC68FA72261A2C0C005F4CFB;
			remoteInfo = "Haptic Haven Watch";
		};
/* End PBXContainerItemProxy section */

/* Begin PBXCopyFilesBuildPhase section */
		FC68FA95261A2C0F005F4CFB /* Embed Watch Content */ = {
			isa = PBXCopyFilesBuildPhase;
			buildActionMask = 2147483647;
			dstPath = "$(CONTENTS_FOLDER_PATH)/Watch";
			dstSubfolderSpec = 16;
			files = (
				FC68FA94261A2C0F005F4CFB /* Haptic Haven Watch.app in Embed Watch Content */,
			);
			name = "Embed Watch Content";
			runOnlyForDeploymentPostprocessing = 0;
		};
		FC68FA98261A2C0F005F4CFB /* Embed App Extensions */ = {
			isa = PBXCopyFilesBuildPhase;
			buildActionMask = 2147483647;
			dstPath = "";
			dstSubfolderSpec = 13;
			files = (
				FC68FA7D261A2C0F005F4CFB /* Haptic Haven Watch Extension.appex in Embed App Extensions */,
			);
			name = "Embed App Extensions";
			runOnlyForDeploymentPostprocessing = 0;
		};
/* End PBXCopyFilesBuildPhase section */

/* Begin PBXFileReference section */
		D507ACB625A405900064861D /* IconTableViewController.swift */ = {isa = PBXFileReference; lastKnownFileType = sourcecode.swift; path = IconTableViewController.swift; sourceTree = "<group>"; };
		D507ACB925A405A10064861D /* Icon.swift */ = {isa = PBXFileReference; lastKnownFileType = sourcecode.swift; path = Icon.swift; sourceTree = "<group>"; };
		D507ACBE25A4079F0064861D /* defaultIcon.png */ = {isa = PBXFileReference; lastKnownFileType = image.png; path = defaultIcon.png; sourceTree = "<group>"; };
		D507ACCA25A412F60064861D /* altIcon3.png */ = {isa = PBXFileReference; lastKnownFileType = image.png; path = altIcon3.png; sourceTree = "<group>"; };
		D507ACCB25A412F60064861D /* altIcon4.png */ = {isa = PBXFileReference; lastKnownFileType = image.png; path = altIcon4.png; sourceTree = "<group>"; };
		D507ACCC25A412F60064861D /* altIcon2.png */ = {isa = PBXFileReference; lastKnownFileType = image.png; path = altIcon2.png; sourceTree = "<group>"; };
		D507ACCD25A412F60064861D /* altIcon1.png */ = {isa = PBXFileReference; lastKnownFileType = image.png; path = altIcon1.png; sourceTree = "<group>"; };
		D5285AB62491832C006FB60A /* Haptic Haven.app */ = {isa = PBXFileReference; explicitFileType = wrapper.application; includeInIndex = 0; path = "Haptic Haven.app"; sourceTree = BUILT_PRODUCTS_DIR; };
		D5285AB92491832C006FB60A /* AppDelegate.swift */ = {isa = PBXFileReference; lastKnownFileType = sourcecode.swift; path = AppDelegate.swift; sourceTree = "<group>"; };
		D5285ABB2491832C006FB60A /* SceneDelegate.swift */ = {isa = PBXFileReference; lastKnownFileType = sourcecode.swift; path = SceneDelegate.swift; sourceTree = "<group>"; };
		D5285AC02491832C006FB60A /* Base */ = {isa = PBXFileReference; lastKnownFileType = file.storyboard; name = Base; path = Base.lproj/Main.storyboard; sourceTree = "<group>"; };
		D5285AC22491832D006FB60A /* Assets.xcassets */ = {isa = PBXFileReference; lastKnownFileType = folder.assetcatalog; path = Assets.xcassets; sourceTree = "<group>"; };
		D5285AC52491832E006FB60A /* Base */ = {isa = PBXFileReference; lastKnownFileType = file.storyboard; name = Base; path = Base.lproj/LaunchScreen.storyboard; sourceTree = "<group>"; };
		D5285AC72491832E006FB60A /* Info.plist */ = {isa = PBXFileReference; lastKnownFileType = text.plist.xml; path = Info.plist; sourceTree = "<group>"; };
		D5285ACD24918352006FB60A /* Haptic.swift */ = {isa = PBXFileReference; lastKnownFileType = sourcecode.swift; path = Haptic.swift; sourceTree = "<group>"; };
		D5285AD3249334C2006FB60A /* PlayViewController.swift */ = {isa = PBXFileReference; lastKnownFileType = sourcecode.swift; path = PlayViewController.swift; sourceTree = "<group>"; };
		D5285AD724933511006FB60A /* InfoSheetViewController.swift */ = {isa = PBXFileReference; lastKnownFileType = sourcecode.swift; path = InfoSheetViewController.swift; sourceTree = "<group>"; };
		D538E1C525572D3600DC90F6 /* UIApplicationExtension.swift */ = {isa = PBXFileReference; lastKnownFileType = sourcecode.swift; path = UIApplicationExtension.swift; sourceTree = "<group>"; };
		D5B6BE7C2494103400D02B74 /* UIButtonExtension.swift */ = {isa = PBXFileReference; lastKnownFileType = sourcecode.swift; path = UIButtonExtension.swift; sourceTree = "<group>"; };
		D5B6BE802494410C00D02B74 /* HapticController.swift */ = {isa = PBXFileReference; lastKnownFileType = sourcecode.swift; path = HapticController.swift; sourceTree = "<group>"; };
		D5B6BE84249506CB00D02B74 /* MenuTableViewController.swift */ = {isa = PBXFileReference; lastKnownFileType = sourcecode.swift; path = MenuTableViewController.swift; sourceTree = "<group>"; };
		D5E4E36225AD46B300CB5FE3 /* AboutTableViewController.swift */ = {isa = PBXFileReference; lastKnownFileType = sourcecode.swift; path = AboutTableViewController.swift; sourceTree = "<group>"; };
		D5E4E36725AE37DE00CB5FE3 /* UIDeviceExtension.swift */ = {isa = PBXFileReference; lastKnownFileType = sourcecode.swift; path = UIDeviceExtension.swift; sourceTree = "<group>"; };
		FC68FA73261A2C0C005F4CFB /* Haptic Haven Watch.app */ = {isa = PBXFileReference; explicitFileType = wrapper.application; includeInIndex = 0; path = "Haptic Haven Watch.app"; sourceTree = BUILT_PRODUCTS_DIR; };
		FC68FA75261A2C0E005F4CFB /* Assets.xcassets */ = {isa = PBXFileReference; lastKnownFileType = folder.assetcatalog; path = Assets.xcassets; sourceTree = "<group>"; };
		FC68FA77261A2C0E005F4CFB /* Info.plist */ = {isa = PBXFileReference; lastKnownFileType = text.plist.xml; path = Info.plist; sourceTree = "<group>"; };
		FC68FA7C261A2C0F005F4CFB /* Haptic Haven Watch Extension.appex */ = {isa = PBXFileReference; explicitFileType = "wrapper.app-extension"; includeInIndex = 0; path = "Haptic Haven Watch Extension.appex"; sourceTree = BUILT_PRODUCTS_DIR; };
		FC68FA81261A2C0F005F4CFB /* Haptic_HavenApp.swift */ = {isa = PBXFileReference; lastKnownFileType = sourcecode.swift; path = Haptic_HavenApp.swift; sourceTree = "<group>"; };
		FC68FA83261A2C0F005F4CFB /* ContentView.swift */ = {isa = PBXFileReference; lastKnownFileType = sourcecode.swift; path = ContentView.swift; sourceTree = "<group>"; };
		FC68FA85261A2C0F005F4CFB /* NotificationController.swift */ = {isa = PBXFileReference; lastKnownFileType = sourcecode.swift; path = NotificationController.swift; sourceTree = "<group>"; };
		FC68FA87261A2C0F005F4CFB /* NotificationView.swift */ = {isa = PBXFileReference; lastKnownFileType = sourcecode.swift; path = NotificationView.swift; sourceTree = "<group>"; };
		FC68FA89261A2C0F005F4CFB /* ComplicationController.swift */ = {isa = PBXFileReference; lastKnownFileType = sourcecode.swift; path = ComplicationController.swift; sourceTree = "<group>"; };
		FC68FA8B261A2C0F005F4CFB /* Assets.xcassets */ = {isa = PBXFileReference; lastKnownFileType = folder.assetcatalog; path = Assets.xcassets; sourceTree = "<group>"; };
		FC68FA8E261A2C0F005F4CFB /* Preview Assets.xcassets */ = {isa = PBXFileReference; lastKnownFileType = folder.assetcatalog; path = "Preview Assets.xcassets"; sourceTree = "<group>"; };
		FC68FA90261A2C0F005F4CFB /* Info.plist */ = {isa = PBXFileReference; lastKnownFileType = text.plist.xml; path = Info.plist; sourceTree = "<group>"; };
		FC68FA91261A2C0F005F4CFB /* PushNotificationPayload.apns */ = {isa = PBXFileReference; lastKnownFileType = text; path = PushNotificationPayload.apns; sourceTree = "<group>"; };
		FC68FAAF261A2E66005F4CFB /* Haptic.swift */ = {isa = PBXFileReference; lastKnownFileType = sourcecode.swift; path = Haptic.swift; sourceTree = "<group>"; };
		FC68FAB7261A2E93005F4CFB /* HapticController.swift */ = {isa = PBXFileReference; lastKnownFileType = sourcecode.swift; path = HapticController.swift; sourceTree = "<group>"; };
/* End PBXFileReference section */

/* Begin PBXFrameworksBuildPhase section */
		D5285AB32491832C006FB60A /* Frameworks */ = {
			isa = PBXFrameworksBuildPhase;
			buildActionMask = 2147483647;
			files = (
				D54A37D424BD62A20046FECB /* EMTNeumorphicView in Frameworks */,
			);
			runOnlyForDeploymentPostprocessing = 0;
		};
		FC68FA79261A2C0F005F4CFB /* Frameworks */ = {
			isa = PBXFrameworksBuildPhase;
			buildActionMask = 2147483647;
			files = (
			);
			runOnlyForDeploymentPostprocessing = 0;
		};
/* End PBXFrameworksBuildPhase section */

/* Begin PBXGroup section */
		D507ACBC25A405B00064861D /* Alt Icons */ = {
			isa = PBXGroup;
			children = (
				D507ACCD25A412F60064861D /* altIcon1.png */,
				D507ACCC25A412F60064861D /* altIcon2.png */,
				D507ACCA25A412F60064861D /* altIcon3.png */,
				D507ACCB25A412F60064861D /* altIcon4.png */,
				D507ACBE25A4079F0064861D /* defaultIcon.png */,
			);
			path = "Alt Icons";
			sourceTree = "<group>";
		};
		D5285AAD2491832C006FB60A = {
			isa = PBXGroup;
			children = (
				D5285AB82491832C006FB60A /* Haptic Haven */,
				FC68FA74261A2C0C005F4CFB /* Haptic Haven Watch */,
				FC68FA80261A2C0F005F4CFB /* Haptic Haven Watch Extension */,
				D5285AB72491832C006FB60A /* Products */,
			);
			sourceTree = "<group>";
		};
		D5285AB72491832C006FB60A /* Products */ = {
			isa = PBXGroup;
			children = (
				D5285AB62491832C006FB60A /* Haptic Haven.app */,
				FC68FA73261A2C0C005F4CFB /* Haptic Haven Watch.app */,
				FC68FA7C261A2C0F005F4CFB /* Haptic Haven Watch Extension.appex */,
			);
			name = Products;
			sourceTree = "<group>";
		};
		D5285AB82491832C006FB60A /* Haptic Haven */ = {
			isa = PBXGroup;
			children = (
				D5285AD2249183C1006FB60A /* Controllers */,
				D5285AD1249183B5006FB60A /* Views */,
				D5285ACF24918382006FB60A /* Models */,
				D5B6BE7B2494100C00D02B74 /* Helpers */,
				D5285AD0249183A2006FB60A /* Resources */,
				D5285AC72491832E006FB60A /* Info.plist */,
			);
			path = "Haptic Haven";
			sourceTree = "<group>";
		};
		D5285ACF24918382006FB60A /* Models */ = {
			isa = PBXGroup;
			children = (
				D5285ACD24918352006FB60A /* Haptic.swift */,
			);
			path = Models;
			sourceTree = "<group>";
		};
		D5285AD0249183A2006FB60A /* Resources */ = {
			isa = PBXGroup;
			children = (
				D5285AC22491832D006FB60A /* Assets.xcassets */,
				D5285AB92491832C006FB60A /* AppDelegate.swift */,
				D5285ABB2491832C006FB60A /* SceneDelegate.swift */,
			);
			path = Resources;
			sourceTree = "<group>";
		};
		D5285AD1249183B5006FB60A /* Views */ = {
			isa = PBXGroup;
			children = (
				D5285ABF2491832C006FB60A /* Main.storyboard */,
				D5285AC42491832E006FB60A /* LaunchScreen.storyboard */,
			);
			path = Views;
			sourceTree = "<group>";
		};
		D5285AD2249183C1006FB60A /* Controllers */ = {
			isa = PBXGroup;
			children = (
				D5B6BE7E249440EE00D02B74 /* Model Controller */,
				D5B6BE7F249440FA00D02B74 /* View Controller */,
			);
			path = Controllers;
			sourceTree = "<group>";
		};
		D5B6BE7B2494100C00D02B74 /* Helpers */ = {
			isa = PBXGroup;
			children = (
				D507ACBC25A405B00064861D /* Alt Icons */,
				D5B6BE7C2494103400D02B74 /* UIButtonExtension.swift */,
				D538E1C525572D3600DC90F6 /* UIApplicationExtension.swift */,
				D507ACB925A405A10064861D /* Icon.swift */,
				D5E4E36725AE37DE00CB5FE3 /* UIDeviceExtension.swift */,
			);
			path = Helpers;
			sourceTree = "<group>";
		};
		D5B6BE7E249440EE00D02B74 /* Model Controller */ = {
			isa = PBXGroup;
			children = (
				D5B6BE802494410C00D02B74 /* HapticController.swift */,
			);
			path = "Model Controller";
			sourceTree = "<group>";
		};
		D5B6BE7F249440FA00D02B74 /* View Controller */ = {
			isa = PBXGroup;
			children = (
				D5285AD3249334C2006FB60A /* PlayViewController.swift */,
				D5285AD724933511006FB60A /* InfoSheetViewController.swift */,
				D5B6BE84249506CB00D02B74 /* MenuTableViewController.swift */,
				D507ACB625A405900064861D /* IconTableViewController.swift */,
				D5E4E36225AD46B300CB5FE3 /* AboutTableViewController.swift */,
			);
			path = "View Controller";
			sourceTree = "<group>";
		};
		FC68FA74261A2C0C005F4CFB /* Haptic Haven Watch */ = {
			isa = PBXGroup;
			children = (
				FC68FA75261A2C0E005F4CFB /* Assets.xcassets */,
				FC68FA77261A2C0E005F4CFB /* Info.plist */,
			);
			path = "Haptic Haven Watch";
			sourceTree = "<group>";
		};
		FC68FA80261A2C0F005F4CFB /* Haptic Haven Watch Extension */ = {
			isa = PBXGroup;
			children = (
				FC68FAAE261A2DFF005F4CFB /* Models */,
				FC68FABC261A2E9E005F4CFB /* Model Controllers */,
				FC68FAAA261A2DF2005F4CFB /* Views */,
				FC68FAA0261A2CEF005F4CFB /* Resources */,
				FC68FA90261A2C0F005F4CFB /* Info.plist */,
				FC68FA8D261A2C0F005F4CFB /* Preview Content */,
			);
			path = "Haptic Haven Watch Extension";
			sourceTree = "<group>";
		};
		FC68FA8D261A2C0F005F4CFB /* Preview Content */ = {
			isa = PBXGroup;
			children = (
				FC68FA8E261A2C0F005F4CFB /* Preview Assets.xcassets */,
			);
			path = "Preview Content";
			sourceTree = "<group>";
		};
		FC68FAA0261A2CEF005F4CFB /* Resources */ = {
			isa = PBXGroup;
			children = (
				FC68FA81261A2C0F005F4CFB /* Haptic_HavenApp.swift */,
				FC68FA85261A2C0F005F4CFB /* NotificationController.swift */,
				FC68FA87261A2C0F005F4CFB /* NotificationView.swift */,
				FC68FA89261A2C0F005F4CFB /* ComplicationController.swift */,
				FC68FA8B261A2C0F005F4CFB /* Assets.xcassets */,
				FC68FA91261A2C0F005F4CFB /* PushNotificationPayload.apns */,
			);
			path = Resources;
			sourceTree = "<group>";
		};
		FC68FAAA261A2DF2005F4CFB /* Views */ = {
			isa = PBXGroup;
			children = (
				FC68FA83261A2C0F005F4CFB /* ContentView.swift */,
			);
			path = Views;
			sourceTree = "<group>";
		};
		FC68FAAE261A2DFF005F4CFB /* Models */ = {
			isa = PBXGroup;
			children = (
				FC68FAAF261A2E66005F4CFB /* Haptic.swift */,
			);
			path = Models;
			sourceTree = "<group>";
		};
		FC68FABC261A2E9E005F4CFB /* Model Controllers */ = {
			isa = PBXGroup;
			children = (
				FC68FAB7261A2E93005F4CFB /* HapticController.swift */,
			);
			path = "Model Controllers";
			sourceTree = "<group>";
		};
/* End PBXGroup section */

/* Begin PBXNativeTarget section */
		D5285AB52491832C006FB60A /* Haptic Haven */ = {
			isa = PBXNativeTarget;
			buildConfigurationList = D5285ACA2491832E006FB60A /* Build configuration list for PBXNativeTarget "Haptic Haven" */;
			buildPhases = (
				D5285AB22491832C006FB60A /* Sources */,
				D5285AB32491832C006FB60A /* Frameworks */,
				D5285AB42491832C006FB60A /* Resources */,
				FC68FA95261A2C0F005F4CFB /* Embed Watch Content */,
			);
			buildRules = (
			);
			dependencies = (
				FC68FA93261A2C0F005F4CFB /* PBXTargetDependency */,
			);
			name = "Haptic Haven";
			packageProductDependencies = (
				D54A37D324BD62A20046FECB /* EMTNeumorphicView */,
			);
			productName = "Haptic Haven";
			productReference = D5285AB62491832C006FB60A /* Haptic Haven.app */;
			productType = "com.apple.product-type.application";
		};
		FC68FA72261A2C0C005F4CFB /* Haptic Haven Watch */ = {
			isa = PBXNativeTarget;
			buildConfigurationList = FC68FA9C261A2C0F005F4CFB /* Build configuration list for PBXNativeTarget "Haptic Haven Watch" */;
			buildPhases = (
				FC68FA71261A2C0C005F4CFB /* Resources */,
				FC68FA98261A2C0F005F4CFB /* Embed App Extensions */,
			);
			buildRules = (
			);
			dependencies = (
				FC68FA7F261A2C0F005F4CFB /* PBXTargetDependency */,
			);
			name = "Haptic Haven Watch";
			productName = "Haptic Haven Watch";
			productReference = FC68FA73261A2C0C005F4CFB /* Haptic Haven Watch.app */;
			productType = "com.apple.product-type.application.watchapp2";
		};
		FC68FA7B261A2C0F005F4CFB /* Haptic Haven Watch Extension */ = {
			isa = PBXNativeTarget;
			buildConfigurationList = FC68FA9B261A2C0F005F4CFB /* Build configuration list for PBXNativeTarget "Haptic Haven Watch Extension" */;
			buildPhases = (
				FC68FA78261A2C0F005F4CFB /* Sources */,
				FC68FA79261A2C0F005F4CFB /* Frameworks */,
				FC68FA7A261A2C0F005F4CFB /* Resources */,
			);
			buildRules = (
			);
			dependencies = (
			);
			name = "Haptic Haven Watch Extension";
			productName = "Haptic Haven Watch Extension";
			productReference = FC68FA7C261A2C0F005F4CFB /* Haptic Haven Watch Extension.appex */;
			productType = "com.apple.product-type.watchkit2-extension";
		};
/* End PBXNativeTarget section */

/* Begin PBXProject section */
		D5285AAE2491832C006FB60A /* Project object */ = {
			isa = PBXProject;
			attributes = {
				LastSwiftUpdateCheck = 1240;
				LastUpgradeCheck = 1140;
				ORGANIZATIONNAME = David;
				TargetAttributes = {
					D5285AB52491832C006FB60A = {
						CreatedOnToolsVersion = 11.4;
					};
					FC68FA72261A2C0C005F4CFB = {
						CreatedOnToolsVersion = 12.4;
					};
					FC68FA7B261A2C0F005F4CFB = {
						CreatedOnToolsVersion = 12.4;
					};
				};
			};
			buildConfigurationList = D5285AB12491832C006FB60A /* Build configuration list for PBXProject "Haptic Haven" */;
			compatibilityVersion = "Xcode 9.3";
			developmentRegion = en;
			hasScannedForEncodings = 0;
			knownRegions = (
				en,
				Base,
			);
			mainGroup = D5285AAD2491832C006FB60A;
			packageReferences = (
				D54A37D224BD62A20046FECB /* XCRemoteSwiftPackageReference "EMTNeumorphicView" */,
			);
			productRefGroup = D5285AB72491832C006FB60A /* Products */;
			projectDirPath = "";
			projectRoot = "";
			targets = (
				D5285AB52491832C006FB60A /* Haptic Haven */,
				FC68FA72261A2C0C005F4CFB /* Haptic Haven Watch */,
				FC68FA7B261A2C0F005F4CFB /* Haptic Haven Watch Extension */,
			);
		};
/* End PBXProject section */

/* Begin PBXResourcesBuildPhase section */
		D5285AB42491832C006FB60A /* Resources */ = {
			isa = PBXResourcesBuildPhase;
			buildActionMask = 2147483647;
			files = (
				D507ACC325A407A00064861D /* defaultIcon.png in Resources */,
				D507ACCE25A412F60064861D /* altIcon3.png in Resources */,
				D507ACD125A412F60064861D /* altIcon1.png in Resources */,
				D5285AC62491832E006FB60A /* LaunchScreen.storyboard in Resources */,
				D507ACCF25A412F60064861D /* altIcon4.png in Resources */,
				D507ACD025A412F60064861D /* altIcon2.png in Resources */,
				D5285AC32491832D006FB60A /* Assets.xcassets in Resources */,
				D5285AC12491832C006FB60A /* Main.storyboard in Resources */,
			);
			runOnlyForDeploymentPostprocessing = 0;
		};
		FC68FA71261A2C0C005F4CFB /* Resources */ = {
			isa = PBXResourcesBuildPhase;
			buildActionMask = 2147483647;
			files = (
				FC68FA76261A2C0E005F4CFB /* Assets.xcassets in Resources */,
			);
			runOnlyForDeploymentPostprocessing = 0;
		};
		FC68FA7A261A2C0F005F4CFB /* Resources */ = {
			isa = PBXResourcesBuildPhase;
			buildActionMask = 2147483647;
			files = (
				FC68FA8F261A2C0F005F4CFB /* Preview Assets.xcassets in Resources */,
				FC68FA8C261A2C0F005F4CFB /* Assets.xcassets in Resources */,
			);
			runOnlyForDeploymentPostprocessing = 0;
		};
/* End PBXResourcesBuildPhase section */

/* Begin PBXSourcesBuildPhase section */
		D5285AB22491832C006FB60A /* Sources */ = {
			isa = PBXSourcesBuildPhase;
			buildActionMask = 2147483647;
			files = (
				D5285ACE24918352006FB60A /* Haptic.swift in Sources */,
				D5E4E36825AE37DE00CB5FE3 /* UIDeviceExtension.swift in Sources */,
				D5B6BE85249506CB00D02B74 /* MenuTableViewController.swift in Sources */,
				D5285ABA2491832C006FB60A /* AppDelegate.swift in Sources */,
				D5285AD4249334C2006FB60A /* PlayViewController.swift in Sources */,
				D507ACB725A405900064861D /* IconTableViewController.swift in Sources */,
				D5285AD824933511006FB60A /* InfoSheetViewController.swift in Sources */,
				D5285ABC2491832C006FB60A /* SceneDelegate.swift in Sources */,
				D538E1C625572D3600DC90F6 /* UIApplicationExtension.swift in Sources */,
				D5B6BE812494410C00D02B74 /* HapticController.swift in Sources */,
				D5B6BE7D2494103400D02B74 /* UIButtonExtension.swift in Sources */,
				D507ACBA25A405A10064861D /* Icon.swift in Sources */,
				D5E4E36325AD46B300CB5FE3 /* AboutTableViewController.swift in Sources */,
			);
			runOnlyForDeploymentPostprocessing = 0;
		};
		FC68FA78261A2C0F005F4CFB /* Sources */ = {
			isa = PBXSourcesBuildPhase;
			buildActionMask = 2147483647;
			files = (
				FC68FAB0261A2E66005F4CFB /* Haptic.swift in Sources */,
				FC68FA86261A2C0F005F4CFB /* NotificationController.swift in Sources */,
				FC68FA84261A2C0F005F4CFB /* ContentView.swift in Sources */,
				FC68FA8A261A2C0F005F4CFB /* ComplicationController.swift in Sources */,
				FC68FA82261A2C0F005F4CFB /* Haptic_HavenApp.swift in Sources */,
				FC68FA88261A2C0F005F4CFB /* NotificationView.swift in Sources */,
				FC68FAB8261A2E93005F4CFB /* HapticController.swift in Sources */,
			);
			runOnlyForDeploymentPostprocessing = 0;
		};
/* End PBXSourcesBuildPhase section */

/* Begin PBXTargetDependency section */
		FC68FA7F261A2C0F005F4CFB /* PBXTargetDependency */ = {
			isa = PBXTargetDependency;
			target = FC68FA7B261A2C0F005F4CFB /* Haptic Haven Watch Extension */;
			targetProxy = FC68FA7E261A2C0F005F4CFB /* PBXContainerItemProxy */;
		};
		FC68FA93261A2C0F005F4CFB /* PBXTargetDependency */ = {
			isa = PBXTargetDependency;
			target = FC68FA72261A2C0C005F4CFB /* Haptic Haven Watch */;
			targetProxy = FC68FA92261A2C0F005F4CFB /* PBXContainerItemProxy */;
		};
/* End PBXTargetDependency section */

/* Begin PBXVariantGroup section */
		D5285ABF2491832C006FB60A /* Main.storyboard */ = {
			isa = PBXVariantGroup;
			children = (
				D5285AC02491832C006FB60A /* Base */,
			);
			name = Main.storyboard;
			sourceTree = "<group>";
		};
		D5285AC42491832E006FB60A /* LaunchScreen.storyboard */ = {
			isa = PBXVariantGroup;
			children = (
				D5285AC52491832E006FB60A /* Base */,
			);
			name = LaunchScreen.storyboard;
			sourceTree = "<group>";
		};
/* End PBXVariantGroup section */

/* Begin XCBuildConfiguration section */
		D5285AC82491832E006FB60A /* Debug */ = {
			isa = XCBuildConfiguration;
			buildSettings = {
				ALWAYS_SEARCH_USER_PATHS = NO;
				CLANG_ANALYZER_NONNULL = YES;
				CLANG_ANALYZER_NUMBER_OBJECT_CONVERSION = YES_AGGRESSIVE;
				CLANG_CXX_LANGUAGE_STANDARD = "gnu++14";
				CLANG_CXX_LIBRARY = "libc++";
				CLANG_ENABLE_MODULES = YES;
				CLANG_ENABLE_OBJC_ARC = YES;
				CLANG_ENABLE_OBJC_WEAK = YES;
				CLANG_WARN_BLOCK_CAPTURE_AUTORELEASING = YES;
				CLANG_WARN_BOOL_CONVERSION = YES;
				CLANG_WARN_COMMA = YES;
				CLANG_WARN_CONSTANT_CONVERSION = YES;
				CLANG_WARN_DEPRECATED_OBJC_IMPLEMENTATIONS = YES;
				CLANG_WARN_DIRECT_OBJC_ISA_USAGE = YES_ERROR;
				CLANG_WARN_DOCUMENTATION_COMMENTS = YES;
				CLANG_WARN_EMPTY_BODY = YES;
				CLANG_WARN_ENUM_CONVERSION = YES;
				CLANG_WARN_INFINITE_RECURSION = YES;
				CLANG_WARN_INT_CONVERSION = YES;
				CLANG_WARN_NON_LITERAL_NULL_CONVERSION = YES;
				CLANG_WARN_OBJC_IMPLICIT_RETAIN_SELF = YES;
				CLANG_WARN_OBJC_LITERAL_CONVERSION = YES;
				CLANG_WARN_OBJC_ROOT_CLASS = YES_ERROR;
				CLANG_WARN_RANGE_LOOP_ANALYSIS = YES;
				CLANG_WARN_STRICT_PROTOTYPES = YES;
				CLANG_WARN_SUSPICIOUS_MOVE = YES;
				CLANG_WARN_UNGUARDED_AVAILABILITY = YES_AGGRESSIVE;
				CLANG_WARN_UNREACHABLE_CODE = YES;
				CLANG_WARN__DUPLICATE_METHOD_MATCH = YES;
				COPY_PHASE_STRIP = NO;
				DEBUG_INFORMATION_FORMAT = dwarf;
				ENABLE_STRICT_OBJC_MSGSEND = YES;
				ENABLE_TESTABILITY = YES;
				GCC_C_LANGUAGE_STANDARD = gnu11;
				GCC_DYNAMIC_NO_PIC = NO;
				GCC_NO_COMMON_BLOCKS = YES;
				GCC_OPTIMIZATION_LEVEL = 0;
				GCC_PREPROCESSOR_DEFINITIONS = (
					"DEBUG=1",
					"$(inherited)",
				);
				GCC_WARN_64_TO_32_BIT_CONVERSION = YES;
				GCC_WARN_ABOUT_RETURN_TYPE = YES_ERROR;
				GCC_WARN_UNDECLARED_SELECTOR = YES;
				GCC_WARN_UNINITIALIZED_AUTOS = YES_AGGRESSIVE;
				GCC_WARN_UNUSED_FUNCTION = YES;
				GCC_WARN_UNUSED_VARIABLE = YES;
				IPHONEOS_DEPLOYMENT_TARGET = 13.0;
				MTL_ENABLE_DEBUG_INFO = INCLUDE_SOURCE;
				MTL_FAST_MATH = YES;
				ONLY_ACTIVE_ARCH = YES;
				SDKROOT = iphoneos;
				SWIFT_ACTIVE_COMPILATION_CONDITIONS = DEBUG;
				SWIFT_OPTIMIZATION_LEVEL = "-Onone";
			};
			name = Debug;
		};
		D5285AC92491832E006FB60A /* Release */ = {
			isa = XCBuildConfiguration;
			buildSettings = {
				ALWAYS_SEARCH_USER_PATHS = NO;
				CLANG_ANALYZER_NONNULL = YES;
				CLANG_ANALYZER_NUMBER_OBJECT_CONVERSION = YES_AGGRESSIVE;
				CLANG_CXX_LANGUAGE_STANDARD = "gnu++14";
				CLANG_CXX_LIBRARY = "libc++";
				CLANG_ENABLE_MODULES = YES;
				CLANG_ENABLE_OBJC_ARC = YES;
				CLANG_ENABLE_OBJC_WEAK = YES;
				CLANG_WARN_BLOCK_CAPTURE_AUTORELEASING = YES;
				CLANG_WARN_BOOL_CONVERSION = YES;
				CLANG_WARN_COMMA = YES;
				CLANG_WARN_CONSTANT_CONVERSION = YES;
				CLANG_WARN_DEPRECATED_OBJC_IMPLEMENTATIONS = YES;
				CLANG_WARN_DIRECT_OBJC_ISA_USAGE = YES_ERROR;
				CLANG_WARN_DOCUMENTATION_COMMENTS = YES;
				CLANG_WARN_EMPTY_BODY = YES;
				CLANG_WARN_ENUM_CONVERSION = YES;
				CLANG_WARN_INFINITE_RECURSION = YES;
				CLANG_WARN_INT_CONVERSION = YES;
				CLANG_WARN_NON_LITERAL_NULL_CONVERSION = YES;
				CLANG_WARN_OBJC_IMPLICIT_RETAIN_SELF = YES;
				CLANG_WARN_OBJC_LITERAL_CONVERSION = YES;
				CLANG_WARN_OBJC_ROOT_CLASS = YES_ERROR;
				CLANG_WARN_RANGE_LOOP_ANALYSIS = YES;
				CLANG_WARN_STRICT_PROTOTYPES = YES;
				CLANG_WARN_SUSPICIOUS_MOVE = YES;
				CLANG_WARN_UNGUARDED_AVAILABILITY = YES_AGGRESSIVE;
				CLANG_WARN_UNREACHABLE_CODE = YES;
				CLANG_WARN__DUPLICATE_METHOD_MATCH = YES;
				COPY_PHASE_STRIP = NO;
				DEBUG_INFORMATION_FORMAT = "dwarf-with-dsym";
				ENABLE_NS_ASSERTIONS = NO;
				ENABLE_STRICT_OBJC_MSGSEND = YES;
				GCC_C_LANGUAGE_STANDARD = gnu11;
				GCC_NO_COMMON_BLOCKS = YES;
				GCC_WARN_64_TO_32_BIT_CONVERSION = YES;
				GCC_WARN_ABOUT_RETURN_TYPE = YES_ERROR;
				GCC_WARN_UNDECLARED_SELECTOR = YES;
				GCC_WARN_UNINITIALIZED_AUTOS = YES_AGGRESSIVE;
				GCC_WARN_UNUSED_FUNCTION = YES;
				GCC_WARN_UNUSED_VARIABLE = YES;
				IPHONEOS_DEPLOYMENT_TARGET = 13.0;
				MTL_ENABLE_DEBUG_INFO = NO;
				MTL_FAST_MATH = YES;
				SDKROOT = iphoneos;
				SWIFT_COMPILATION_MODE = wholemodule;
				SWIFT_OPTIMIZATION_LEVEL = "-O";
				VALIDATE_PRODUCT = YES;
			};
			name = Release;
		};
		D5285ACB2491832E006FB60A /* Debug */ = {
			isa = XCBuildConfiguration;
			buildSettings = {
				ASSETCATALOG_COMPILER_APPICON_NAME = AppIcon;
				CODE_SIGN_STYLE = Automatic;
				CURRENT_PROJECT_VERSION = 1;
				DEVELOPMENT_TEAM = C39EPG5VUE;
				INFOPLIST_FILE = "Haptic Haven/Info.plist";
				IPHONEOS_DEPLOYMENT_TARGET = 13.0;
				LD_RUNPATH_SEARCH_PATHS = (
					"$(inherited)",
					"@executable_path/Frameworks",
				);
				MARKETING_VERSION = 1.1.4;
				PRODUCT_BUNDLE_IDENTIFIER = "com.ddjacobsen17.Haptic-Haven";
				PRODUCT_NAME = "$(TARGET_NAME)";
				SWIFT_VERSION = 5.0;
				TARGETED_DEVICE_FAMILY = 1;
			};
			name = Debug;
		};
		D5285ACC2491832E006FB60A /* Release */ = {
			isa = XCBuildConfiguration;
			buildSettings = {
				ASSETCATALOG_COMPILER_APPICON_NAME = AppIcon;
				CODE_SIGN_STYLE = Automatic;
				CURRENT_PROJECT_VERSION = 1;
				DEVELOPMENT_TEAM = C39EPG5VUE;
				INFOPLIST_FILE = "Haptic Haven/Info.plist";
				IPHONEOS_DEPLOYMENT_TARGET = 13.0;
				LD_RUNPATH_SEARCH_PATHS = (
					"$(inherited)",
					"@executable_path/Frameworks",
				);
				MARKETING_VERSION = 1.1.4;
				PRODUCT_BUNDLE_IDENTIFIER = "com.ddjacobsen17.Haptic-Haven";
				PRODUCT_NAME = "$(TARGET_NAME)";
				SWIFT_VERSION = 5.0;
				TARGETED_DEVICE_FAMILY = 1;
			};
			name = Release;
		};
		FC68FA96261A2C0F005F4CFB /* Debug */ = {
			isa = XCBuildConfiguration;
			buildSettings = {
				ALWAYS_EMBED_SWIFT_STANDARD_LIBRARIES = YES;
				ASSETCATALOG_COMPILER_APPICON_NAME = AppIcon;
				ASSETCATALOG_COMPILER_GLOBAL_ACCENT_COLOR_NAME = AccentColor;
				CLANG_WARN_QUOTED_INCLUDE_IN_FRAMEWORK_HEADER = YES;
				CODE_SIGN_STYLE = Automatic;
				DEVELOPMENT_TEAM = C39EPG5VUE;
				IBSC_MODULE = Haptic_Haven_Watch_Extension;
				INFOPLIST_FILE = "Haptic Haven Watch/Info.plist";
				MARKETING_VERSION = 1.1.4;
				PRODUCT_BUNDLE_IDENTIFIER = "com.ddjacobsen17.Haptic-Haven.watchkitapp";
				PRODUCT_NAME = "$(TARGET_NAME)";
				SDKROOT = watchos;
				SKIP_INSTALL = YES;
				SWIFT_VERSION = 5.0;
				TARGETED_DEVICE_FAMILY = 4;
				WATCHOS_DEPLOYMENT_TARGET = 7.2;
			};
			name = Debug;
		};
		FC68FA97261A2C0F005F4CFB /* Release */ = {
			isa = XCBuildConfiguration;
			buildSettings = {
				ALWAYS_EMBED_SWIFT_STANDARD_LIBRARIES = YES;
				ASSETCATALOG_COMPILER_APPICON_NAME = AppIcon;
				ASSETCATALOG_COMPILER_GLOBAL_ACCENT_COLOR_NAME = AccentColor;
				CLANG_WARN_QUOTED_INCLUDE_IN_FRAMEWORK_HEADER = YES;
				CODE_SIGN_STYLE = Automatic;
				DEVELOPMENT_TEAM = C39EPG5VUE;
				IBSC_MODULE = Haptic_Haven_Watch_Extension;
				INFOPLIST_FILE = "Haptic Haven Watch/Info.plist";
				MARKETING_VERSION = 1.1.4;
				PRODUCT_BUNDLE_IDENTIFIER = "com.ddjacobsen17.Haptic-Haven.watchkitapp";
				PRODUCT_NAME = "$(TARGET_NAME)";
				SDKROOT = watchos;
				SKIP_INSTALL = YES;
				SWIFT_VERSION = 5.0;
				TARGETED_DEVICE_FAMILY = 4;
				WATCHOS_DEPLOYMENT_TARGET = 7.2;
			};
			name = Release;
		};
		FC68FA99261A2C0F005F4CFB /* Debug */ = {
			isa = XCBuildConfiguration;
			buildSettings = {
				ASSETCATALOG_COMPILER_COMPLICATION_NAME = Complication;
				CLANG_WARN_QUOTED_INCLUDE_IN_FRAMEWORK_HEADER = YES;
				CODE_SIGN_STYLE = Automatic;
				DEVELOPMENT_ASSET_PATHS = "\"Haptic Haven Watch Extension/Preview Content\"";
				DEVELOPMENT_TEAM = C39EPG5VUE;
				ENABLE_PREVIEWS = YES;
				INFOPLIST_FILE = "Haptic Haven Watch Extension/Info.plist";
				LD_RUNPATH_SEARCH_PATHS = (
					"$(inherited)",
					"@executable_path/Frameworks",
					"@executable_path/../../Frameworks",
				);
				MARKETING_VERSION = 1.1.4;
				PRODUCT_BUNDLE_IDENTIFIER = "com.ddjacobsen17.Haptic-Haven.watchkitapp.watchkitextension";
				PRODUCT_NAME = "${TARGET_NAME}";
				SDKROOT = watchos;
				SKIP_INSTALL = YES;
				SWIFT_VERSION = 5.0;
				TARGETED_DEVICE_FAMILY = 4;
				WATCHOS_DEPLOYMENT_TARGET = 7.2;
			};
			name = Debug;
		};
		FC68FA9A261A2C0F005F4CFB /* Release */ = {
			isa = XCBuildConfiguration;
			buildSettings = {
				ASSETCATALOG_COMPILER_COMPLICATION_NAME = Complication;
				CLANG_WARN_QUOTED_INCLUDE_IN_FRAMEWORK_HEADER = YES;
				CODE_SIGN_STYLE = Automatic;
				DEVELOPMENT_ASSET_PATHS = "\"Haptic Haven Watch Extension/Preview Content\"";
				DEVELOPMENT_TEAM = C39EPG5VUE;
				ENABLE_PREVIEWS = YES;
				INFOPLIST_FILE = "Haptic Haven Watch Extension/Info.plist";
				LD_RUNPATH_SEARCH_PATHS = (
					"$(inherited)",
					"@executable_path/Frameworks",
					"@executable_path/../../Frameworks",
				);
				MARKETING_VERSION = 1.1.4;
				PRODUCT_BUNDLE_IDENTIFIER = "com.ddjacobsen17.Haptic-Haven.watchkitapp.watchkitextension";
				PRODUCT_NAME = "${TARGET_NAME}";
				SDKROOT = watchos;
				SKIP_INSTALL = YES;
				SWIFT_VERSION = 5.0;
				TARGETED_DEVICE_FAMILY = 4;
				WATCHOS_DEPLOYMENT_TARGET = 7.2;
			};
			name = Release;
		};
/* End XCBuildConfiguration section */

/* Begin XCConfigurationList section */
		D5285AB12491832C006FB60A /* Build configuration list for PBXProject "Haptic Haven" */ = {
			isa = XCConfigurationList;
			buildConfigurations = (
				D5285AC82491832E006FB60A /* Debug */,
				D5285AC92491832E006FB60A /* Release */,
			);
			defaultConfigurationIsVisible = 0;
			defaultConfigurationName = Release;
		};
		D5285ACA2491832E006FB60A /* Build configuration list for PBXNativeTarget "Haptic Haven" */ = {
			isa = XCConfigurationList;
			buildConfigurations = (
				D5285ACB2491832E006FB60A /* Debug */,
				D5285ACC2491832E006FB60A /* Release */,
			);
			defaultConfigurationIsVisible = 0;
			defaultConfigurationName = Release;
		};
		FC68FA9B261A2C0F005F4CFB /* Build configuration list for PBXNativeTarget "Haptic Haven Watch Extension" */ = {
			isa = XCConfigurationList;
			buildConfigurations = (
				FC68FA99261A2C0F005F4CFB /* Debug */,
				FC68FA9A261A2C0F005F4CFB /* Release */,
			);
			defaultConfigurationIsVisible = 0;
			defaultConfigurationName = Release;
		};
		FC68FA9C261A2C0F005F4CFB /* Build configuration list for PBXNativeTarget "Haptic Haven Watch" */ = {
			isa = XCConfigurationList;
			buildConfigurations = (
				FC68FA96261A2C0F005F4CFB /* Debug */,
				FC68FA97261A2C0F005F4CFB /* Release */,
			);
			defaultConfigurationIsVisible = 0;
			defaultConfigurationName = Release;
		};
/* End XCConfigurationList section */

/* Begin XCRemoteSwiftPackageReference section */
		D54A37D224BD62A20046FECB /* XCRemoteSwiftPackageReference "EMTNeumorphicView" */ = {
			isa = XCRemoteSwiftPackageReference;
			repositoryURL = "https://github.com/hirokimu/EMTNeumorphicView";
			requirement = {
				kind = upToNextMajorVersion;
				minimumVersion = 1.0.4;
			};
		};
/* End XCRemoteSwiftPackageReference section */

/* Begin XCSwiftPackageProductDependency section */
		D54A37D324BD62A20046FECB /* EMTNeumorphicView */ = {
			isa = XCSwiftPackageProductDependency;
			package = D54A37D224BD62A20046FECB /* XCRemoteSwiftPackageReference "EMTNeumorphicView" */;
			productName = EMTNeumorphicView;
		};
/* End XCSwiftPackageProductDependency section */
	};
	rootObject = D5285AAE2491832C006FB60A /* Project object */;
}
